<?xml version="1.0" encoding="utf-8"?>
<Project ToolsVersion="4.0" xmlns="http://schemas.microsoft.com/developer/msbuild/2003">
  <ItemGroup>
    <Filter Include="Header Files">
      <UniqueIdentifier>{93995380-89BD-4b04-88EB-625FBE52EBFB}</UniqueIdentifier>
      <Extensions>h;hh;hpp;hxx;h++;hm;inl;inc;ipp;xsd</Extensions>
    </Filter>
    <Filter Include="Resource Files">
      <UniqueIdentifier>{67DA6AB6-F800-4c08-8B7A-83BB121AAD01}</UniqueIdentifier>
      <Extensions>rc;ico;cur;bmp;dlg;rc2;rct;bin;rgs;gif;jpg;jpeg;jpe;resx;tiff;tif;png;wav;mfcribbon-ms</Extensions>
    </Filter>
    <Filter Include="DS">
      <UniqueIdentifier>{9c3fef60-40cb-4396-a546-8454a30b8988}</UniqueIdentifier>
    </Filter>
    <Filter Include="DS\PriorityQueue">
      <UniqueIdentifier>{30f29e56-6c80-43ea-aa2b-4137fb62ed93}</UniqueIdentifier>
    </Filter>
    <Filter Include="DS\Stacks">
      <UniqueIdentifier>{8d0fb741-2847-4017-b0bc-e22ecef04604}</UniqueIdentifier>
    </Filter>
    <Filter Include="DS\Queues">
      <UniqueIdentifier>{63c0904a-75a3-4c10-be68-21ff10a36e64}</UniqueIdentifier>
    </Filter>
    <Filter Include="Units">
      <UniqueIdentifier>{fcd5d5dd-a422-4e33-9295-a8472608be08}</UniqueIdentifier>
    </Filter>
    <Filter Include="Units\Earth units">
      <UniqueIdentifier>{1782d4c8-01a6-4489-a218-e7a1ae4a30e5}</UniqueIdentifier>
    </Filter>
    <Filter Include="Units\Alien units">
      <UniqueIdentifier>{b3b1febb-df0f-4fbb-b6d5-1d9cf9bcba96}</UniqueIdentifier>
    </Filter>
    <Filter Include="Source Files">
      <UniqueIdentifier>{4FC737F1-C7A5-4376-A066-2A32D752A2FF}</UniqueIdentifier>
      <Extensions>cpp;c;cc;cxx;c++;cppm;ixx;def;odl;idl;hpj;bat;asm;asmx</Extensions>
    </Filter>
    <Filter Include="Utils">
      <UniqueIdentifier>{8712223f-df8a-4973-92e7-57b50da732ff}</UniqueIdentifier>
    </Filter>
    <Filter Include="Armies">
      <UniqueIdentifier>{a7643ac1-6672-49a9-937d-5d4ec2a8e2ea}</UniqueIdentifier>
    </Filter>
  </ItemGroup>
  <ItemGroup>
    <ClCompile Include="Main.cpp">
      <Filter>Source Files</Filter>
    </ClCompile>
    <ClCompile Include="Units\Unit.cpp">
      <Filter>Units</Filter>
    </ClCompile>
    <ClCompile Include="Units\AlienDrone.cpp">
      <Filter>Units\Alien units</Filter>
    </ClCompile>
    <ClCompile Include="Units\AlienMonster.cpp">
      <Filter>Units\Alien units</Filter>
    </ClCompile>
    <ClCompile Include="Units\AlienSoldier.cpp">
      <Filter>Units\Alien units</Filter>
    </ClCompile>
    <ClCompile Include="Units\EarthSoldier.cpp">
      <Filter>Units\Earth units</Filter>
    </ClCompile>
    <ClCompile Include="Units\EarthTank.cpp">
      <Filter>Units\Earth units</Filter>
    </ClCompile>
    <ClCompile Include="Units\EarthGunnery.cpp">
      <Filter>Units\Earth units</Filter>
    </ClCompile>
    <ClCompile Include="Utils\randGen.cpp">
      <Filter>Utils</Filter>
    </ClCompile>
    <ClCompile Include="Armies\AlienArmy.cpp">
      <Filter>Armies</Filter>
    </ClCompile>
    <ClCompile Include="Armies\EarthArmy.cpp">
      <Filter>Armies</Filter>
    </ClCompile>
    <ClCompile Include="Game.cpp">
      <Filter>Source Files</Filter>
    </ClCompile>
    <ClCompile Include="Units\HealingUnit.cpp">
      <Filter>Source Files</Filter>
    </ClCompile>
    <ClCompile Include="Utils\OutputLogger.cpp">
      <Filter>Source Files</Filter>
    </ClCompile>
  </ItemGroup>
  <ItemGroup>
    <ClInclude Include="DS\Stacks\ArrayStack.h">
      <Filter>DS\Stacks</Filter>
    </ClInclude>
    <ClInclude Include="DS\Stacks\StackADT.h">
      <Filter>DS\Stacks</Filter>
    </ClInclude>
    <ClInclude Include="DS\Queues\LinkedQueue.h">
      <Filter>DS\Queues</Filter>
    </ClInclude>
    <ClInclude Include="DS\Queues\Node.h">
      <Filter>DS\Queues</Filter>
    </ClInclude>
    <ClInclude Include="DS\Queues\QueueADT.h">
      <Filter>DS\Queues</Filter>
    </ClInclude>
    <ClInclude Include="DS\PriorityQueue\priNode.h">
      <Filter>DS\PriorityQueue</Filter>
    </ClInclude>
    <ClInclude Include="DS\PriorityQueue\priQueue.h">
      <Filter>DS\PriorityQueue</Filter>
    </ClInclude>
    <ClInclude Include="DS\Queues\DoubleNode.h">
      <Filter>DS\Queues</Filter>
    </ClInclude>
    <ClInclude Include="DS\Queues\DEndedQueue.h">
      <Filter>DS\Queues</Filter>
    </ClInclude>
    <ClInclude Include="Units\Unit.h">
      <Filter>Units</Filter>
    </ClInclude>
    <ClInclude Include="Units\AlienDrone.h">
      <Filter>Units\Alien units</Filter>
    </ClInclude>
    <ClInclude Include="Units\AlienMonster.h">
      <Filter>Units\Alien units</Filter>
    </ClInclude>
    <ClInclude Include="Units\AlienSoldier.h">
      <Filter>Units\Alien units</Filter>
    </ClInclude>
    <ClInclude Include="Units\EarthSoldier.h">
      <Filter>Units\Earth units</Filter>
    </ClInclude>
    <ClInclude Include="Units\EarthTank.h">
      <Filter>Units\Earth units</Filter>
    </ClInclude>
    <ClInclude Include="Units\EarthGunnery.h">
      <Filter>Units\Earth units</Filter>
    </ClInclude>
    <ClInclude Include="Utils\randGen.h">
      <Filter>Utils</Filter>
    </ClInclude>
    <ClInclude Include="Armies\AlienArmy.h">
      <Filter>Armies</Filter>
    </ClInclude>
    <ClInclude Include="Armies\EarthArmy.h">
      <Filter>Armies</Filter>
    </ClInclude>
    <ClInclude Include="Armies\Army.h">
      <Filter>Header Files</Filter>
    </ClInclude>
    <ClInclude Include="Game.h">
      <Filter>Header Files</Filter>
    </ClInclude>
    <ClInclude Include="Armies\AlienArmyConfig.h">
      <Filter>Header Files</Filter>
    </ClInclude>
    <ClInclude Include="Armies\EarthArmyConfig.h">
      <Filter>Header Files</Filter>
    </ClInclude>
    <ClInclude Include="Units\HealingUnit.h">
      <Filter>Header Files</Filter>
    </ClInclude>
    <ClInclude Include="Utils\OutputLogger.h">
      <Filter>Header Files</Filter>
    </ClInclude>
  </ItemGroup>
</Project>