<?xml version="1.0" encoding="utf-8"?>
<Project ToolsVersion="4.0" xmlns="http://schemas.microsoft.com/developer/msbuild/2003">
  <ItemGroup>
    <Filter Include="Source Files">
      <UniqueIdentifier>{4FC737F1-C7A5-4376-A066-2A32D752A2FF}</UniqueIdentifier>
      <Extensions>cpp;c;cc;cxx;c++;cppm;ixx;def;odl;idl;hpj;bat;asm;asmx</Extensions>
    </Filter>
    <Filter Include="Header Files">
      <UniqueIdentifier>{93995380-89BD-4b04-88EB-625FBE52EBFB}</UniqueIdentifier>
      <Extensions>h;hh;hpp;hxx;h++;hm;inl;inc;ipp;xsd</Extensions>
    </Filter>
    <Filter Include="Resource Files">
      <UniqueIdentifier>{67DA6AB6-F800-4c08-8B7A-83BB121AAD01}</UniqueIdentifier>
      <Extensions>rc;ico;cur;bmp;dlg;rc2;rct;bin;rgs;gif;jpg;jpeg;jpe;resx;tiff;tif;png;wav;mfcribbon-ms</Extensions>
    </Filter>
    <Filter Include="DS">
      <UniqueIdentifier>{9c3fef60-40cb-4396-a546-8454a30b8988}</UniqueIdentifier>
    </Filter>
    <Filter Include="DS\PriorityQueue">
      <UniqueIdentifier>{30f29e56-6c80-43ea-aa2b-4137fb62ed93}</UniqueIdentifier>
    </Filter>
    <Filter Include="DS\Stacks">
      <UniqueIdentifier>{8d0fb741-2847-4017-b0bc-e22ecef04604}</UniqueIdentifier>
    </Filter>
    <Filter Include="DS\Queues">
      <UniqueIdentifier>{63c0904a-75a3-4c10-be68-21ff10a36e64}</UniqueIdentifier>
    </Filter>
  </ItemGroup>
  <ItemGroup>
    <ClCompile Include="7rb-imbaba.cpp">
      <Filter>Source Files</Filter>
    </ClCompile>
  </ItemGroup>
  <ItemGroup>
    <ClInclude Include="DS\Stacks\ArrayStack.h">
      <Filter>DS\Stacks</Filter>
    </ClInclude>
    <ClInclude Include="DS\Stacks\StackADT.h">
      <Filter>DS\Stacks</Filter>
    </ClInclude>
    <ClInclude Include="DS\Queues\LinkedQueue.h">
      <Filter>DS\Queues</Filter>
    </ClInclude>
    <ClInclude Include="DS\Queues\Node.h">
      <Filter>DS\Queues</Filter>
    </ClInclude>
    <ClInclude Include="DS\Queues\QueueADT.h">
      <Filter>DS\Queues</Filter>
    </ClInclude>
    <ClInclude Include="DS\PriorityQueue\LinkedQueue.h">
      <Filter>DS\PriorityQueue</Filter>
    </ClInclude>
    <ClInclude Include="DS\PriorityQueue\Node.h">
      <Filter>DS\PriorityQueue</Filter>
    </ClInclude>
    <ClInclude Include="DS\PriorityQueue\priNode.h">
      <Filter>DS\PriorityQueue</Filter>
    </ClInclude>
    <ClInclude Include="DS\PriorityQueue\priQueue.h">
      <Filter>DS\PriorityQueue</Filter>
    </ClInclude>
    <ClInclude Include="DS\PriorityQueue\QueueADT.h">
      <Filter>DS\PriorityQueue</Filter>
    </ClInclude>
  </ItemGroup>
</Project>